
Microsoft Visual Studio Solution File, Format Version 12.00
# Visual Studio Version 17
VisualStudioVersion = 17.4.33205.214
MinimumVisualStudioVersion = 10.0.40219.1
Project("{FAE04EC0-301F-11D3-BF4B-00C04F79EFBC}") = "StudioVeterinario", "StudioVeterinario\StudioVeterinario.csproj", "{FECF6D12-E8AE-4271-84EF-E8E701BC451A}"
EndProject
Global
	GlobalSection(SolutionConfigurationPlatforms) = preSolution
		Debug|Any CPU = Debug|Any CPU
		Release|Any CPU = Release|Any CPU
	EndGlobalSection
	GlobalSection(ProjectConfigurationPlatforms) = postSolution
		{FECF6D12-E8AE-4271-84EF-E8E701BC451A}.Debug|Any CPU.ActiveCfg = Debug|Any CPU
		{FECF6D12-E8AE-4271-84EF-E8E701BC451A}.Debug|Any CPU.Build.0 = Debug|Any CPU
		{FECF6D12-E8AE-4271-84EF-E8E701BC451A}.Release|Any CPU.ActiveCfg = Release|Any CPU
		{FECF6D12-E8AE-4271-84EF-E8E701BC451A}.Release|Any CPU.Build.0 = Release|Any CPU
	EndGlobalSection
	GlobalSection(SolutionProperties) = preSolution
		HideSolutionNode = FALSE
	EndGlobalSection
	GlobalSection(ExtensibilityGlobals) = postSolution
		SolutionGuid = {628B2D1E-E414-4B59-8714-96F9D83F3B59}
	EndGlobalSection
EndGlobal
